
Microsoft Visual Studio Solution File, Format Version 12.00
# Visual Studio 2012
Project("{FAE04EC0-301F-11D3-BF4B-00C04F79EFBC}") = "TweetCloneBusinessLayer", "TweetCloneBusinessLayer\TweetCloneBusinessLayer.csproj", "{A365735A-219B-4EF4-85C5-CAFCBC25E36C}"
EndProject
Project("{FAE04EC0-301F-11D3-BF4B-00C04F79EFBC}") = "TweetDataLayer", "..\TweetCloneDataLayer\TweetDataLayer\TweetDataLayer.csproj", "{439C77F0-DC5E-4926-8426-CD60197A7FE4}"
EndProject
Global
	GlobalSection(SolutionConfigurationPlatforms) = preSolution
		Debug|Any CPU = Debug|Any CPU
		Release|Any CPU = Release|Any CPU
	EndGlobalSection
	GlobalSection(ProjectConfigurationPlatforms) = postSolution
		{A365735A-219B-4EF4-85C5-CAFCBC25E36C}.Debug|Any CPU.ActiveCfg = Debug|Any CPU
		{A365735A-219B-4EF4-85C5-CAFCBC25E36C}.Debug|Any CPU.Build.0 = Debug|Any CPU
		{A365735A-219B-4EF4-85C5-CAFCBC25E36C}.Release|Any CPU.ActiveCfg = Release|Any CPU
		{A365735A-219B-4EF4-85C5-CAFCBC25E36C}.Release|Any CPU.Build.0 = Release|Any CPU
		{439C77F0-DC5E-4926-8426-CD60197A7FE4}.Debug|Any CPU.ActiveCfg = Debug|Any CPU
		{439C77F0-DC5E-4926-8426-CD60197A7FE4}.Debug|Any CPU.Build.0 = Debug|Any CPU
		{439C77F0-DC5E-4926-8426-CD60197A7FE4}.Release|Any CPU.ActiveCfg = Release|Any CPU
		{439C77F0-DC5E-4926-8426-CD60197A7FE4}.Release|Any CPU.Build.0 = Release|Any CPU
	EndGlobalSection
	GlobalSection(SolutionProperties) = preSolution
		HideSolutionNode = FALSE
	EndGlobalSection
EndGlobal
